// !$*UTF8*$!
{
	archiveVersion = 1;
	classes = {
	};
	objectVersion = 55;
	objects = {

/* Begin PBXBuildFile section */
		D2B0B05127CF906C00B16AAA /* TodoListApp.swift in Sources */ = {isa = PBXBuildFile; fileRef = D2B0B05027CF906C00B16AAA /* TodoListApp.swift */; };
		D2B0B05327CF906C00B16AAA /* TaskListView.swift in Sources */ = {isa = PBXBuildFile; fileRef = D2B0B05227CF906C00B16AAA /* TaskListView.swift */; };
		D2B0B05527CF906E00B16AAA /* Assets.xcassets in Resources */ = {isa = PBXBuildFile; fileRef = D2B0B05427CF906E00B16AAA /* Assets.xcassets */; };
		D2B0B05827CF906E00B16AAA /* Preview Assets.xcassets in Resources */ = {isa = PBXBuildFile; fileRef = D2B0B05727CF906E00B16AAA /* Preview Assets.xcassets */; };
		D2B0B06227CF906E00B16AAA /* TodoListTests.swift in Sources */ = {isa = PBXBuildFile; fileRef = D2B0B06127CF906E00B16AAA /* TodoListTests.swift */; };
		D2B0B06C27CF906E00B16AAA /* TodoListUITests.swift in Sources */ = {isa = PBXBuildFile; fileRef = D2B0B06B27CF906E00B16AAA /* TodoListUITests.swift */; };
		D2B0B06E27CF906E00B16AAA /* TodoListUITestsLaunchTests.swift in Sources */ = {isa = PBXBuildFile; fileRef = D2B0B06D27CF906E00B16AAA /* TodoListUITestsLaunchTests.swift */; };
		D2B0B07D27CF936900B16AAA /* TaskData.swift in Sources */ = {isa = PBXBuildFile; fileRef = D2B0B07C27CF936900B16AAA /* TaskData.swift */; };
/* End PBXBuildFile section */

/* Begin PBXContainerItemProxy section */
		D2B0B05E27CF906E00B16AAA /* PBXContainerItemProxy */ = {
			isa = PBXContainerItemProxy;
			containerPortal = D2B0B04527CF906C00B16AAA /* Project object */;
			proxyType = 1;
			remoteGlobalIDString = D2B0B04C27CF906C00B16AAA;
			remoteInfo = TodoList;
		};
		D2B0B06827CF906E00B16AAA /* PBXContainerItemProxy */ = {
			isa = PBXContainerItemProxy;
			containerPortal = D2B0B04527CF906C00B16AAA /* Project object */;
			proxyType = 1;
			remoteGlobalIDString = D2B0B04C27CF906C00B16AAA;
			remoteInfo = TodoList;
		};
/* End PBXContainerItemProxy section */

/* Begin PBXFileReference section */
		D2B0B04D27CF906C00B16AAA /* TodoList.app */ = {isa = PBXFileReference; explicitFileType = wrapper.application; includeInIndex = 0; path = TodoList.app; sourceTree = BUILT_PRODUCTS_DIR; };
		D2B0B05027CF906C00B16AAA /* TodoListApp.swift */ = {isa = PBXFileReference; lastKnownFileType = sourcecode.swift; path = TodoListApp.swift; sourceTree = "<group>"; };
		D2B0B05227CF906C00B16AAA /* TaskListView.swift */ = {isa = PBXFileReference; lastKnownFileType = sourcecode.swift; path = TaskListView.swift; sourceTree = "<group>"; };
		D2B0B05427CF906E00B16AAA /* Assets.xcassets */ = {isa = PBXFileReference; lastKnownFileType = folder.assetcatalog; path = Assets.xcassets; sourceTree = "<group>"; };
		D2B0B05727CF906E00B16AAA /* Preview Assets.xcassets */ = {isa = PBXFileReference; lastKnownFileType = folder.assetcatalog; path = "Preview Assets.xcassets"; sourceTree = "<group>"; };
		D2B0B05D27CF906E00B16AAA /* TodoListTests.xctest */ = {isa = PBXFileReference; explicitFileType = wrapper.cfbundle; includeInIndex = 0; path = TodoListTests.xctest; sourceTree = BUILT_PRODUCTS_DIR; };
		D2B0B06127CF906E00B16AAA /* TodoListTests.swift */ = {isa = PBXFileReference; lastKnownFileType = sourcecode.swift; path = TodoListTests.swift; sourceTree = "<group>"; };
		D2B0B06727CF906E00B16AAA /* TodoListUITests.xctest */ = {isa = PBXFileReference; explicitFileType = wrapper.cfbundle; includeInIndex = 0; path = TodoListUITests.xctest; sourceTree = BUILT_PRODUCTS_DIR; };
		D2B0B06B27CF906E00B16AAA /* TodoListUITests.swift */ = {isa = PBXFileReference; lastKnownFileType = sourcecode.swift; path = TodoListUITests.swift; sourceTree = "<group>"; };
		D2B0B06D27CF906E00B16AAA /* TodoListUITestsLaunchTests.swift */ = {isa = PBXFileReference; lastKnownFileType = sourcecode.swift; path = TodoListUITestsLaunchTests.swift; sourceTree = "<group>"; };
		D2B0B07C27CF936900B16AAA /* TaskData.swift */ = {isa = PBXFileReference; lastKnownFileType = sourcecode.swift; path = TaskData.swift; sourceTree = "<group>"; };
/* End PBXFileReference section */

/* Begin PBXFrameworksBuildPhase section */
		D2B0B04A27CF906C00B16AAA /* Frameworks */ = {
			isa = PBXFrameworksBuildPhase;
			buildActionMask = 2147483647;
			files = (
			);
			runOnlyForDeploymentPostprocessing = 0;
		};
		D2B0B05A27CF906E00B16AAA /* Frameworks */ = {
			isa = PBXFrameworksBuildPhase;
			buildActionMask = 2147483647;
			files = (
			);
			runOnlyForDeploymentPostprocessing = 0;
		};
		D2B0B06427CF906E00B16AAA /* Frameworks */ = {
			isa = PBXFrameworksBuildPhase;
			buildActionMask = 2147483647;
			files = (
			);
			runOnlyForDeploymentPostprocessing = 0;
		};
/* End PBXFrameworksBuildPhase section */

/* Begin PBXGroup section */
		D2B0B04427CF906C00B16AAA = {
			isa = PBXGroup;
			children = (
				D2B0B04F27CF906C00B16AAA /* TodoList */,
				D2B0B06027CF906E00B16AAA /* TodoListTests */,
				D2B0B06A27CF906E00B16AAA /* TodoListUITests */,
				D2B0B04E27CF906C00B16AAA /* Products */,
			);
			sourceTree = "<group>";
		};
		D2B0B04E27CF906C00B16AAA /* Products */ = {
			isa = PBXGroup;
			children = (
				D2B0B04D27CF906C00B16AAA /* TodoList.app */,
				D2B0B05D27CF906E00B16AAA /* TodoListTests.xctest */,
				D2B0B06727CF906E00B16AAA /* TodoListUITests.xctest */,
			);
			name = Products;
			sourceTree = "<group>";
		};
		D2B0B04F27CF906C00B16AAA /* TodoList */ = {
			isa = PBXGroup;
			children = (
				D2B0B05027CF906C00B16AAA /* TodoListApp.swift */,
				D2B0B05227CF906C00B16AAA /* TaskListView.swift */,
				D2B0B05427CF906E00B16AAA /* Assets.xcassets */,
				D2B0B05627CF906E00B16AAA /* Preview Content */,
				D2B0B07C27CF936900B16AAA /* TaskData.swift */,
			);
			path = TodoList;
			sourceTree = "<group>";
		};
		D2B0B05627CF906E00B16AAA /* Preview Content */ = {
			isa = PBXGroup;
			children = (
				D2B0B05727CF906E00B16AAA /* Preview Assets.xcassets */,
			);
			path = "Preview Content";
			sourceTree = "<group>";
		};
		D2B0B06027CF906E00B16AAA /* TodoListTests */ = {
			isa = PBXGroup;
			children = (
				D2B0B06127CF906E00B16AAA /* TodoListTests.swift */,
			);
			path = TodoListTests;
			sourceTree = "<group>";
		};
		D2B0B06A27CF906E00B16AAA /* TodoListUITests */ = {
			isa = PBXGroup;
			children = (
				D2B0B06B27CF906E00B16AAA /* TodoListUITests.swift */,
				D2B0B06D27CF906E00B16AAA /* TodoListUITestsLaunchTests.swift */,
			);
			path = TodoListUITests;
			sourceTree = "<group>";
		};
/* End PBXGroup section */

/* Begin PBXNativeTarget section */
		D2B0B04C27CF906C00B16AAA /* TodoList */ = {
			isa = PBXNativeTarget;
			buildConfigurationList = D2B0B07127CF906E00B16AAA /* Build configuration list for PBXNativeTarget "TodoList" */;
			buildPhases = (
				D2B0B04927CF906C00B16AAA /* Sources */,
				D2B0B04A27CF906C00B16AAA /* Frameworks */,
				D2B0B04B27CF906C00B16AAA /* Resources */,
			);
			buildRules = (
			);
			dependencies = (
			);
			name = TodoList;
			productName = TodoList;
			productReference = D2B0B04D27CF906C00B16AAA /* TodoList.app */;
			productType = "com.apple.product-type.application";
		};
		D2B0B05C27CF906E00B16AAA /* TodoListTests */ = {
			isa = PBXNativeTarget;
			buildConfigurationList = D2B0B07427CF906E00B16AAA /* Build configuration list for PBXNativeTarget "TodoListTests" */;
			buildPhases = (
				D2B0B05927CF906E00B16AAA /* Sources */,
				D2B0B05A27CF906E00B16AAA /* Frameworks */,
				D2B0B05B27CF906E00B16AAA /* Resources */,
			);
			buildRules = (
			);
			dependencies = (
				D2B0B05F27CF906E00B16AAA /* PBXTargetDependency */,
			);
			name = TodoListTests;
			productName = TodoListTests;
			productReference = D2B0B05D27CF906E00B16AAA /* TodoListTests.xctest */;
			productType = "com.apple.product-type.bundle.unit-test";
		};
		D2B0B06627CF906E00B16AAA /* TodoListUITests */ = {
			isa = PBXNativeTarget;
			buildConfigurationList = D2B0B07727CF906E00B16AAA /* Build configuration list for PBXNativeTarget "TodoListUITests" */;
			buildPhases = (
				D2B0B06327CF906E00B16AAA /* Sources */,
				D2B0B06427CF906E00B16AAA /* Frameworks */,
				D2B0B06527CF906E00B16AAA /* Resources */,
			);
			buildRules = (
			);
			dependencies = (
				D2B0B06927CF906E00B16AAA /* PBXTargetDependency */,
			);
			name = TodoListUITests;
			productName = TodoListUITests;
			productReference = D2B0B06727CF906E00B16AAA /* TodoListUITests.xctest */;
			productType = "com.apple.product-type.bundle.ui-testing";
		};
/* End PBXNativeTarget section */

/* Begin PBXProject section */
		D2B0B04527CF906C00B16AAA /* Project object */ = {
			isa = PBXProject;
			attributes = {
				BuildIndependentTargetsInParallel = 1;
				LastSwiftUpdateCheck = 1320;
				LastUpgradeCheck = 1320;
				TargetAttributes = {
					D2B0B04C27CF906C00B16AAA = {
						CreatedOnToolsVersion = 13.2.1;
					};
					D2B0B05C27CF906E00B16AAA = {
						CreatedOnToolsVersion = 13.2.1;
						TestTargetID = D2B0B04C27CF906C00B16AAA;
					};
					D2B0B06627CF906E00B16AAA = {
						CreatedOnToolsVersion = 13.2.1;
						TestTargetID = D2B0B04C27CF906C00B16AAA;
					};
				};
			};
			buildConfigurationList = D2B0B04827CF906C00B16AAA /* Build configuration list for PBXProject "TodoList" */;
			compatibilityVersion = "Xcode 13.0";
			developmentRegion = en;
			hasScannedForEncodings = 0;
			knownRegions = (
				en,
				Base,
			);
			mainGroup = D2B0B04427CF906C00B16AAA;
			productRefGroup = D2B0B04E27CF906C00B16AAA /* Products */;
			projectDirPath = "";
			projectRoot = "";
			targets = (
				D2B0B04C27CF906C00B16AAA /* TodoList */,
				D2B0B05C27CF906E00B16AAA /* TodoListTests */,
				D2B0B06627CF906E00B16AAA /* TodoListUITests */,
			);
		};
/* End PBXProject section */

/* Begin PBXResourcesBuildPhase section */
		D2B0B04B27CF906C00B16AAA /* Resources */ = {
			isa = PBXResourcesBuildPhase;
			buildActionMask = 2147483647;
			files = (
				D2B0B05827CF906E00B16AAA /* Preview Assets.xcassets in Resources */,
				D2B0B05527CF906E00B16AAA /* Assets.xcassets in Resources */,
			);
			runOnlyForDeploymentPostprocessing = 0;
		};
		D2B0B05B27CF906E00B16AAA /* Resources */ = {
			isa = PBXResourcesBuildPhase;
			buildActionMask = 2147483647;
			files = (
			);
			runOnlyForDeploymentPostprocessing = 0;
		};
		D2B0B06527CF906E00B16AAA /* Resources */ = {
			isa = PBXResourcesBuildPhase;
			buildActionMask = 2147483647;
			files = (
			);
			runOnlyForDeploymentPostprocessing = 0;
		};
/* End PBXResourcesBuildPhase section */

/* Begin PBXSourcesBuildPhase section */
		D2B0B04927CF906C00B16AAA /* Sources */ = {
			isa = PBXSourcesBuildPhase;
			buildActionMask = 2147483647;
			files = (
				D2B0B05327CF906C00B16AAA /* TaskListView.swift in Sources */,
				D2B0B05127CF906C00B16AAA /* TodoListApp.swift in Sources */,
				D2B0B07D27CF936900B16AAA /* TaskData.swift in Sources */,
			);
			runOnlyForDeploymentPostprocessing = 0;
		};
		D2B0B05927CF906E00B16AAA /* Sources */ = {
			isa = PBXSourcesBuildPhase;
			buildActionMask = 2147483647;
			files = (
				D2B0B06227CF906E00B16AAA /* TodoListTests.swift in Sources */,
			);
			runOnlyForDeploymentPostprocessing = 0;
		};
		D2B0B06327CF906E00B16AAA /* Sources */ = {
			isa = PBXSourcesBuildPhase;
			buildActionMask = 2147483647;
			files = (
				D2B0B06E27CF906E00B16AAA /* TodoListUITestsLaunchTests.swift in Sources */,
				D2B0B06C27CF906E00B16AAA /* TodoListUITests.swift in Sources */,
			);
			runOnlyForDeploymentPostprocessing = 0;
		};
/* End PBXSourcesBuildPhase section */

/* Begin PBXTargetDependency section */
		D2B0B05F27CF906E00B16AAA /* PBXTargetDependency */ = {
			isa = PBXTargetDependency;
			target = D2B0B04C27CF906C00B16AAA /* TodoList */;
			targetProxy = D2B0B05E27CF906E00B16AAA /* PBXContainerItemProxy */;
		};
		D2B0B06927CF906E00B16AAA /* PBXTargetDependency */ = {
			isa = PBXTargetDependency;
			target = D2B0B04C27CF906C00B16AAA /* TodoList */;
			targetProxy = D2B0B06827CF906E00B16AAA /* PBXContainerItemProxy */;
		};
/* End PBXTargetDependency section */

/* Begin XCBuildConfiguration section */
		D2B0B06F27CF906E00B16AAA /* Debug */ = {
			isa = XCBuildConfiguration;
			buildSettings = {
				ALWAYS_SEARCH_USER_PATHS = NO;
				CLANG_ANALYZER_NONNULL = YES;
				CLANG_ANALYZER_NUMBER_OBJECT_CONVERSION = YES_AGGRESSIVE;
				CLANG_CXX_LANGUAGE_STANDARD = "gnu++17";
				CLANG_CXX_LIBRARY = "libc++";
				CLANG_ENABLE_MODULES = YES;
				CLANG_ENABLE_OBJC_ARC = YES;
				CLANG_ENABLE_OBJC_WEAK = YES;
				CLANG_WARN_BLOCK_CAPTURE_AUTORELEASING = YES;
				CLANG_WARN_BOOL_CONVERSION = YES;
				CLANG_WARN_COMMA = YES;
				CLANG_WARN_CONSTANT_CONVERSION = YES;
				CLANG_WARN_DEPRECATED_OBJC_IMPLEMENTATIONS = YES;
				CLANG_WARN_DIRECT_OBJC_ISA_USAGE = YES_ERROR;
				CLANG_WARN_DOCUMENTATION_COMMENTS = YES;
				CLANG_WARN_EMPTY_BODY = YES;
				CLANG_WARN_ENUM_CONVERSION = YES;
				CLANG_WARN_INFINITE_RECURSION = YES;
				CLANG_WARN_INT_CONVERSION = YES;
				CLANG_WARN_NON_LITERAL_NULL_CONVERSION = YES;
				CLANG_WARN_OBJC_IMPLICIT_RETAIN_SELF = YES;
				CLANG_WARN_OBJC_LITERAL_CONVERSION = YES;
				CLANG_WARN_OBJC_ROOT_CLASS = YES_ERROR;
				CLANG_WARN_QUOTED_INCLUDE_IN_FRAMEWORK_HEADER = YES;
				CLANG_WARN_RANGE_LOOP_ANALYSIS = YES;
				CLANG_WARN_STRICT_PROTOTYPES = YES;
				CLANG_WARN_SUSPICIOUS_MOVE = YES;
				CLANG_WARN_UNGUARDED_AVAILABILITY = YES_AGGRESSIVE;
				CLANG_WARN_UNREACHABLE_CODE = YES;
				CLANG_WARN__DUPLICATE_METHOD_MATCH = YES;
				COPY_PHASE_STRIP = NO;
				DEBUG_INFORMATION_FORMAT = dwarf;
				ENABLE_STRICT_OBJC_MSGSEND = YES;
				ENABLE_TESTABILITY = YES;
				GCC_C_LANGUAGE_STANDARD = gnu11;
				GCC_DYNAMIC_NO_PIC = NO;
				GCC_NO_COMMON_BLOCKS = YES;
				GCC_OPTIMIZATION_LEVEL = 0;
				GCC_PREPROCESSOR_DEFINITIONS = (
					"DEBUG=1",
					"$(inherited)",
				);
				GCC_WARN_64_TO_32_BIT_CONVERSION = YES;
				GCC_WARN_ABOUT_RETURN_TYPE = YES_ERROR;
				GCC_WARN_UNDECLARED_SELECTOR = YES;
				GCC_WARN_UNINITIALIZED_AUTOS = YES_AGGRESSIVE;
				GCC_WARN_UNUSED_FUNCTION = YES;
				GCC_WARN_UNUSED_VARIABLE = YES;
				IPHONEOS_DEPLOYMENT_TARGET = 15.2;
				MTL_ENABLE_DEBUG_INFO = INCLUDE_SOURCE;
				MTL_FAST_MATH = YES;
				ONLY_ACTIVE_ARCH = YES;
				SDKROOT = iphoneos;
				SWIFT_ACTIVE_COMPILATION_CONDITIONS = DEBUG;
				SWIFT_OPTIMIZATION_LEVEL = "-Onone";
			};
			name = Debug;
		};
		D2B0B07027CF906E00B16AAA /* Release */ = {
			isa = XCBuildConfiguration;
			buildSettings = {
				ALWAYS_SEARCH_USER_PATHS = NO;
				CLANG_ANALYZER_NONNULL = YES;
				CLANG_ANALYZER_NUMBER_OBJECT_CONVERSION = YES_AGGRESSIVE;
				CLANG_CXX_LANGUAGE_STANDARD = "gnu++17";
				CLANG_CXX_LIBRARY = "libc++";
				CLANG_ENABLE_MODULES = YES;
				CLANG_ENABLE_OBJC_ARC = YES;
				CLANG_ENABLE_OBJC_WEAK = YES;
				CLANG_WARN_BLOCK_CAPTURE_AUTORELEASING = YES;
				CLANG_WARN_BOOL_CONVERSION = YES;
				CLANG_WARN_COMMA = YES;
				CLANG_WARN_CONSTANT_CONVERSION = YES;
				CLANG_WARN_DEPRECATED_OBJC_IMPLEMENTATIONS = YES;
				CLANG_WARN_DIRECT_OBJC_ISA_USAGE = YES_ERROR;
				CLANG_WARN_DOCUMENTATION_COMMENTS = YES;
				CLANG_WARN_EMPTY_BODY = YES;
				CLANG_WARN_ENUM_CONVERSION = YES;
				CLANG_WARN_INFINITE_RECURSION = YES;
				CLANG_WARN_INT_CONVERSION = YES;
				CLANG_WARN_NON_LITERAL_NULL_CONVERSION = YES;
				CLANG_WARN_OBJC_IMPLICIT_RETAIN_SELF = YES;
				CLANG_WARN_OBJC_LITERAL_CONVERSION = YES;
				CLANG_WARN_OBJC_ROOT_CLASS = YES_ERROR;
				CLANG_WARN_QUOTED_INCLUDE_IN_FRAMEWORK_HEADER = YES;
				CLANG_WARN_RANGE_LOOP_ANALYSIS = YES;
				CLANG_WARN_STRICT_PROTOTYPES = YES;
				CLANG_WARN_SUSPICIOUS_MOVE = YES;
				CLANG_WARN_UNGUARDED_AVAILABILITY = YES_AGGRESSIVE;
				CLANG_WARN_UNREACHABLE_CODE = YES;
				CLANG_WARN__DUPLICATE_METHOD_MATCH = YES;
				COPY_PHASE_STRIP = NO;
				DEBUG_INFORMATION_FORMAT = "dwarf-with-dsym";
				ENABLE_NS_ASSERTIONS = NO;
				ENABLE_STRICT_OBJC_MSGSEND = YES;
				GCC_C_LANGUAGE_STANDARD = gnu11;
				GCC_NO_COMMON_BLOCKS = YES;
				GCC_WARN_64_TO_32_BIT_CONVERSION = YES;
				GCC_WARN_ABOUT_RETURN_TYPE = YES_ERROR;
				GCC_WARN_UNDECLARED_SELECTOR = YES;
				GCC_WARN_UNINITIALIZED_AUTOS = YES_AGGRESSIVE;
				GCC_WARN_UNUSED_FUNCTION = YES;
				GCC_WARN_UNUSED_VARIABLE = YES;
				IPHONEOS_DEPLOYMENT_TARGET = 15.2;
				MTL_ENABLE_DEBUG_INFO = NO;
				MTL_FAST_MATH = YES;
				SDKROOT = iphoneos;
				SWIFT_COMPILATION_MODE = wholemodule;
				SWIFT_OPTIMIZATION_LEVEL = "-O";
				VALIDATE_PRODUCT = YES;
			};
			name = Release;
		};
		D2B0B07227CF906E00B16AAA /* Debug */ = {
			isa = XCBuildConfiguration;
			buildSettings = {
				ASSETCATALOG_COMPILER_APPICON_NAME = AppIcon;
				ASSETCATALOG_COMPILER_GLOBAL_ACCENT_COLOR_NAME = AccentColor;
				CODE_SIGN_STYLE = Automatic;
				CURRENT_PROJECT_VERSION = 1;
				DEVELOPMENT_ASSET_PATHS = "\"TodoList/Preview Content\"";
				ENABLE_PREVIEWS = YES;
				GENERATE_INFOPLIST_FILE = YES;
				INFOPLIST_KEY_UIApplicationSceneManifest_Generation = YES;
				INFOPLIST_KEY_UIApplicationSupportsIndirectInputEvents = YES;
				INFOPLIST_KEY_UILaunchScreen_Generation = YES;
				INFOPLIST_KEY_UISupportedInterfaceOrientations_iPad = "UIInterfaceOrientationPortrait UIInterfaceOrientationPortraitUpsideDown UIInterfaceOrientationLandscapeLeft UIInterfaceOrientationLandscapeRight";
				INFOPLIST_KEY_UISupportedInterfaceOrientations_iPhone = "UIInterfaceOrientationPortrait UIInterfaceOrientationLandscapeLeft UIInterfaceOrientationLandscapeRight";
				LD_RUNPATH_SEARCH_PATHS = (
					"$(inherited)",
					"@executable_path/Frameworks",
				);
				MARKETING_VERSION = 1.0;
				PRODUCT_BUNDLE_IDENTIFIER = NarumichiKubo.TodoList;
				PRODUCT_NAME = "$(TARGET_NAME)";
				SWIFT_EMIT_LOC_STRINGS = YES;
				SWIFT_VERSION = 5.0;
				TARGETED_DEVICE_FAMILY = "1,2";
			};
			name = Debug;
		};
		D2B0B07327CF906E00B16AAA /* Release */ = {
			isa = XCBuildConfiguration;
			buildSettings = {
				ASSETCATALOG_COMPILER_APPICON_NAME = AppIcon;
				ASSETCATALOG_COMPILER_GLOBAL_ACCENT_COLOR_NAME = AccentColor;
				CODE_SIGN_STYLE = Automatic;
				CURRENT_PROJECT_VERSION = 1;
				DEVELOPMENT_ASSET_PATHS = "\"TodoList/Preview Content\"";
				ENABLE_PREVIEWS = YES;
				GENERATE_INFOPLIST_FILE = YES;
				INFOPLIST_KEY_UIApplicationSceneManifest_Generation = YES;
				INFOPLIST_KEY_UIApplicationSupportsIndirectInputEvents = YES;
				INFOPLIST_KEY_UILaunchScreen_Generation = YES;
				INFOPLIST_KEY_UISupportedInterfaceOrientations_iPad = "UIInterfaceOrientationPortrait UIInterfaceOrientationPortraitUpsideDown UIInterfaceOrientationLandscapeLeft UIInterfaceOrientationLandscapeRight";
				INFOPLIST_KEY_UISupportedInterfaceOrientations_iPhone = "UIInterfaceOrientationPortrait UIInterfaceOrientationLandscapeLeft UIInterfaceOrientationLandscapeRight";
				LD_RUNPATH_SEARCH_PATHS = (
					"$(inherited)",
					"@executable_path/Frameworks",
				);
				MARKETING_VERSION = 1.0;
				PRODUCT_BUNDLE_IDENTIFIER = NarumichiKubo.TodoList;
				PRODUCT_NAME = "$(TARGET_NAME)";
				SWIFT_EMIT_LOC_STRINGS = YES;
				SWIFT_VERSION = 5.0;
				TARGETED_DEVICE_FAMILY = "1,2";
			};
			name = Release;
		};
		D2B0B07527CF906E00B16AAA /* Debug */ = {
			isa = XCBuildConfiguration;
			buildSettings = {
				ALWAYS_EMBED_SWIFT_STANDARD_LIBRARIES = YES;
				BUNDLE_LOADER = "$(TEST_HOST)";
				CODE_SIGN_STYLE = Automatic;
				CURRENT_PROJECT_VERSION = 1;
				GENERATE_INFOPLIST_FILE = YES;
				IPHONEOS_DEPLOYMENT_TARGET = 15.2;
				MARKETING_VERSION = 1.0;
				PRODUCT_BUNDLE_IDENTIFIER = NarumichiKubo.TodoListTests;
				PRODUCT_NAME = "$(TARGET_NAME)";
				SWIFT_EMIT_LOC_STRINGS = NO;
				SWIFT_VERSION = 5.0;
				TARGETED_DEVICE_FAMILY = "1,2";
				TEST_HOST = "$(BUILT_PRODUCTS_DIR)/TodoList.app/TodoList";
			};
			name = Debug;
		};
		D2B0B07627CF906E00B16AAA /* Release */ = {
			isa = XCBuildConfiguration;
			buildSettings = {
				ALWAYS_EMBED_SWIFT_STANDARD_LIBRARIES = YES;
				BUNDLE_LOADER = "$(TEST_HOST)";
				CODE_SIGN_STYLE = Automatic;
				CURRENT_PROJECT_VERSION = 1;
				GENERATE_INFOPLIST_FILE = YES;
				IPHONEOS_DEPLOYMENT_TARGET = 15.2;
				MARKETING_VERSION = 1.0;
				PRODUCT_BUNDLE_IDENTIFIER = NarumichiKubo.TodoListTests;
				PRODUCT_NAME = "$(TARGET_NAME)";
				SWIFT_EMIT_LOC_STRINGS = NO;
				SWIFT_VERSION = 5.0;
				TARGETED_DEVICE_FAMILY = "1,2";
				TEST_HOST = "$(BUILT_PRODUCTS_DIR)/TodoList.app/TodoList";
			};
			name = Release;
		};
		D2B0B07827CF906E00B16AAA /* Debug */ = {
			isa = XCBuildConfiguration;
			buildSettings = {
				ALWAYS_EMBED_SWIFT_STANDARD_LIBRARIES = YES;
				CODE_SIGN_STYLE = Automatic;
				CURRENT_PROJECT_VERSION = 1;
				GENERATE_INFOPLIST_FILE = YES;
				MARKETING_VERSION = 1.0;
				PRODUCT_BUNDLE_IDENTIFIER = NarumichiKubo.TodoListUITests;
				PRODUCT_NAME = "$(TARGET_NAME)";
				SWIFT_EMIT_LOC_STRINGS = NO;
				SWIFT_VERSION = 5.0;
				TARGETED_DEVICE_FAMILY = "1,2";
				TEST_TARGET_NAME = TodoList;
			};
			name = Debug;
		};
		D2B0B07927CF906E00B16AAA /* Release */ = {
			isa = XCBuildConfiguration;
			buildSettings = {
				ALWAYS_EMBED_SWIFT_STANDARD_LIBRARIES = YES;
				CODE_SIGN_STYLE = Automatic;
				CURRENT_PROJECT_VERSION = 1;
				GENERATE_INFOPLIST_FILE = YES;
				MARKETING_VERSION = 1.0;
				PRODUCT_BUNDLE_IDENTIFIER = NarumichiKubo.TodoListUITests;
				PRODUCT_NAME = "$(TARGET_NAME)";
				SWIFT_EMIT_LOC_STRINGS = NO;
				SWIFT_VERSION = 5.0;
				TARGETED_DEVICE_FAMILY = "1,2";
				TEST_TARGET_NAME = TodoList;
			};
			name = Release;
		};
/* End XCBuildConfiguration section */

/* Begin XCConfigurationList section */
		D2B0B04827CF906C00B16AAA /* Build configuration list for PBXProject "TodoList" */ = {
			isa = XCConfigurationList;
			buildConfigurations = (
				D2B0B06F27CF906E00B16AAA /* Debug */,
				D2B0B07027CF906E00B16AAA /* Release */,
			);
			defaultConfigurationIsVisible = 0;
			defaultConfigurationName = Release;
		};
		D2B0B07127CF906E00B16AAA /* Build configuration list for PBXNativeTarget "TodoList" */ = {
			isa = XCConfigurationList;
			buildConfigurations = (
				D2B0B07227CF906E00B16AAA /* Debug */,
				D2B0B07327CF906E00B16AAA /* Release */,
			);
			defaultConfigurationIsVisible = 0;
			defaultConfigurationName = Release;
		};
		D2B0B07427CF906E00B16AAA /* Build configuration list for PBXNativeTarget "TodoListTests" */ = {
			isa = XCConfigurationList;
			buildConfigurations = (
				D2B0B07527CF906E00B16AAA /* Debug */,
				D2B0B07627CF906E00B16AAA /* Release */,
			);
			defaultConfigurationIsVisible = 0;
			defaultConfigurationName = Release;
		};
		D2B0B07727CF906E00B16AAA /* Build configuration list for PBXNativeTarget "TodoListUITests" */ = {
			isa = XCConfigurationList;
			buildConfigurations = (
				D2B0B07827CF906E00B16AAA /* Debug */,
				D2B0B07927CF906E00B16AAA /* Release */,
			);
			defaultConfigurationIsVisible = 0;
			defaultConfigurationName = Release;
		};
/* End XCConfigurationList section */
	};
	rootObject = D2B0B04527CF906C00B16AAA /* Project object */;
}
